
Microsoft Visual Studio Solution File, Format Version 12.00
# Visual Studio Version 16
VisualStudioVersion = 16.0.35731.53
MinimumVisualStudioVersion = 10.0.40219.1
Project("{FAE04EC0-301F-11D3-BF4B-00C04F79EFBC}") = "SolidPrincipleImplementation", "SolidPrincipleImplementation.csproj", "{A9369B42-8EC2-43A0-A208-301C071E9463}"
EndProject
Project("{FAE04EC0-301F-11D3-BF4B-00C04F79EFBC}") = "UnitTestSolidPrinciple", "..\UnitTestSolidPrinciple\UnitTestSolidPrinciple.csproj", "{341761B8-17EE-4DD8-AB47-CEBB6EC64939}"
EndProject
Global
	GlobalSection(SolutionConfigurationPlatforms) = preSolution
		Debug|Any CPU = Debug|Any CPU
		Release|Any CPU = Release|Any CPU
	EndGlobalSection
	GlobalSection(ProjectConfigurationPlatforms) = postSolution
		{A9369B42-8EC2-43A0-A208-301C071E9463}.Debug|Any CPU.ActiveCfg = Debug|Any CPU
		{A9369B42-8EC2-43A0-A208-301C071E9463}.Debug|Any CPU.Build.0 = Debug|Any CPU
		{A9369B42-8EC2-43A0-A208-301C071E9463}.Release|Any CPU.ActiveCfg = Release|Any CPU
		{A9369B42-8EC2-43A0-A208-301C071E9463}.Release|Any CPU.Build.0 = Release|Any CPU
		{341761B8-17EE-4DD8-AB47-CEBB6EC64939}.Debug|Any CPU.ActiveCfg = Debug|Any CPU
		{341761B8-17EE-4DD8-AB47-CEBB6EC64939}.Debug|Any CPU.Build.0 = Debug|Any CPU
		{341761B8-17EE-4DD8-AB47-CEBB6EC64939}.Release|Any CPU.ActiveCfg = Release|Any CPU
		{341761B8-17EE-4DD8-AB47-CEBB6EC64939}.Release|Any CPU.Build.0 = Release|Any CPU
	EndGlobalSection
	GlobalSection(SolutionProperties) = preSolution
		HideSolutionNode = FALSE
	EndGlobalSection
	GlobalSection(ExtensibilityGlobals) = postSolution
		SolutionGuid = {61177970-D378-4049-8317-237EB3C66FA8}
	EndGlobalSection
EndGlobal
